Microsoft Visual Studio Solution File, Format Version 9.00
# Visual Studio 2005

Project("{FAE04EC0-301F-11D3-BF4B-00C04F79EFBC}") = "ToyScript", "ToyScript.csproj", "{92A2631C-F9CE-4B0C-833A-64AD62AC801F}"
EndProject
Project("{FAE04EC0-301F-11D3-BF4B-00C04F79EFBC}") = "Microsoft.Scripting", "..\..\Microsoft.Scripting\Microsoft.Scripting.csproj", "{2AE75F5A-CD1F-4925-9647-AF4D1C282FB4}"
EndProject
Project("{FAE04EC0-301F-11D3-BF4B-00C04F79EFBC}") = "ToyConsole", "..\ToyConsole\ToyConsole.csproj", "{157A4685-D71A-4FF9-854F-64C9CAE21F43}"
EndProject
Global
	GlobalSection(SolutionConfigurationPlatforms) = preSolution
		Debug|Any CPU = Debug|Any CPU
		FxCop|Any CPU = FxCop|Any CPU
		Release|Any CPU = Release|Any CPU
		Silverlight Debug|Any CPU = Silverlight Debug|Any CPU
		Silverlight Release|Any CPU = Silverlight Release|Any CPU
	EndGlobalSection
	GlobalSection(ProjectConfigurationPlatforms) = postSolution
		{92A2631C-F9CE-4B0C-833A-64AD62AC801F}.Debug|Any CPU.ActiveCfg = Debug|Any CPU
		{92A2631C-F9CE-4B0C-833A-64AD62AC801F}.Debug|Any CPU.Build.0 = Debug|Any CPU
		{92A2631C-F9CE-4B0C-833A-64AD62AC801F}.FxCop|Any CPU.ActiveCfg = Release|Any CPU
		{92A2631C-F9CE-4B0C-833A-64AD62AC801F}.FxCop|Any CPU.Build.0 = Release|Any CPU
		{92A2631C-F9CE-4B0C-833A-64AD62AC801F}.Release|Any CPU.ActiveCfg = Release|Any CPU
		{92A2631C-F9CE-4B0C-833A-64AD62AC801F}.Release|Any CPU.Build.0 = Release|Any CPU
		{92A2631C-F9CE-4B0C-833A-64AD62AC801F}.Silverlight Debug|Any CPU.ActiveCfg = Debug|Any CPU
		{92A2631C-F9CE-4B0C-833A-64AD62AC801F}.Silverlight Debug|Any CPU.Build.0 = Debug|Any CPU
		{92A2631C-F9CE-4B0C-833A-64AD62AC801F}.Silverlight Release|Any CPU.ActiveCfg = Release|Any CPU
		{92A2631C-F9CE-4B0C-833A-64AD62AC801F}.Silverlight Release|Any CPU.Build.0 = Release|Any CPU
		{2AE75F5A-CD1F-4925-9647-AF4D1C282FB4}.Debug|Any CPU.ActiveCfg = Debug|Any CPU
		{2AE75F5A-CD1F-4925-9647-AF4D1C282FB4}.Debug|Any CPU.Build.0 = Debug|Any CPU
		{2AE75F5A-CD1F-4925-9647-AF4D1C282FB4}.FxCop|Any CPU.ActiveCfg = FxCop|Any CPU
		{2AE75F5A-CD1F-4925-9647-AF4D1C282FB4}.FxCop|Any CPU.Build.0 = FxCop|Any CPU
		{2AE75F5A-CD1F-4925-9647-AF4D1C282FB4}.Release|Any CPU.ActiveCfg = Release|Any CPU
		{2AE75F5A-CD1F-4925-9647-AF4D1C282FB4}.Release|Any CPU.Build.0 = Release|Any CPU
		{2AE75F5A-CD1F-4925-9647-AF4D1C282FB4}.Silverlight Debug|Any CPU.ActiveCfg = Silverlight Debug|Any CPU
		{2AE75F5A-CD1F-4925-9647-AF4D1C282FB4}.Silverlight Debug|Any CPU.Build.0 = Silverlight Debug|Any CPU
		{2AE75F5A-CD1F-4925-9647-AF4D1C282FB4}.Silverlight Release|Any CPU.ActiveCfg = Silverlight Release|Any CPU
		{2AE75F5A-CD1F-4925-9647-AF4D1C282FB4}.Silverlight Release|Any CPU.Build.0 = Silverlight Release|Any CPU
		{157A4685-D71A-4FF9-854F-64C9CAE21F43}.Debug|Any CPU.ActiveCfg = Debug|Any CPU
		{157A4685-D71A-4FF9-854F-64C9CAE21F43}.Debug|Any CPU.Build.0 = Debug|Any CPU
		{157A4685-D71A-4FF9-854F-64C9CAE21F43}.FxCop|Any CPU.ActiveCfg = Release|Any CPU
		{157A4685-D71A-4FF9-854F-64C9CAE21F43}.FxCop|Any CPU.Build.0 = Release|Any CPU
		{157A4685-D71A-4FF9-854F-64C9CAE21F43}.Release|Any CPU.ActiveCfg = Release|Any CPU
		{157A4685-D71A-4FF9-854F-64C9CAE21F43}.Release|Any CPU.Build.0 = Release|Any CPU
		{157A4685-D71A-4FF9-854F-64C9CAE21F43}.Silverlight Debug|Any CPU.ActiveCfg = Debug|Any CPU
		{157A4685-D71A-4FF9-854F-64C9CAE21F43}.Silverlight Debug|Any CPU.Build.0 = Debug|Any CPU
		{157A4685-D71A-4FF9-854F-64C9CAE21F43}.Silverlight Release|Any CPU.ActiveCfg = Release|Any CPU
		{157A4685-D71A-4FF9-854F-64C9CAE21F43}.Silverlight Release|Any CPU.Build.0 = Release|Any CPU
	EndGlobalSection
	GlobalSection(SolutionProperties) = preSolution
		HideSolutionNode = FALSE
	EndGlobalSection
EndGlobal
