
Microsoft Visual Studio Solution File, Format Version 9.00
# Visual Studio 2005
Project("{FAE04EC0-301F-11D3-BF4B-00C04F79EFBC}") = "TestHostSLBuild", "TestHostSLBuild.csproj", "{2F988782-4925-4DA4-BCAB-815FA291660D}"
EndProject
Global
	GlobalSection(SolutionConfigurationPlatforms) = preSolution
		Silverlight3Debug|Any CPU = Silverlight3Debug|Any CPU
		Silverlight3Release|Any CPU = Silverlight3Release|Any CPU
	EndGlobalSection
	GlobalSection(ProjectConfigurationPlatforms) = postSolution
		{2F988782-4925-4DA4-BCAB-815FA291660D}.Silverlight3Debug|Any CPU.ActiveCfg = Silverlight3Debug|Any CPU
		{2F988782-4925-4DA4-BCAB-815FA291660D}.Silverlight3Debug|Any CPU.Build.0 = Silverlight3Debug|Any CPU
		{2F988782-4925-4DA4-BCAB-815FA291660D}.Silverlight3Release|Any CPU.ActiveCfg = Silverlight3Release|Any CPU
		{2F988782-4925-4DA4-BCAB-815FA291660D}.Silverlight3Release|Any CPU.Build.0 = Silverlight3Release|Any CPU
	EndGlobalSection
	GlobalSection(SolutionProperties) = preSolution
		HideSolutionNode = FALSE
	EndGlobalSection
EndGlobal
